
Microsoft Visual Studio Solution File, Format Version 12.00
# Visual Studio 15
VisualStudioVersion = 15.0.28307.421
MinimumVisualStudioVersion = 10.0.40219.1
Project("{FAE04EC0-301F-11D3-BF4B-00C04F79EFBC}") = "Lab5G4", "Lab5G4\Lab5G4.csproj", "{58DEBD4F-9401-4AAF-A45F-47E5980F17CC}"
EndProject
Global
	GlobalSection(SolutionConfigurationPlatforms) = preSolution
		Debug|Any CPU = Debug|Any CPU
		Release|Any CPU = Release|Any CPU
	EndGlobalSection
	GlobalSection(ProjectConfigurationPlatforms) = postSolution
		{58DEBD4F-9401-4AAF-A45F-47E5980F17CC}.Debug|Any CPU.ActiveCfg = Debug|Any CPU
		{58DEBD4F-9401-4AAF-A45F-47E5980F17CC}.Debug|Any CPU.Build.0 = Debug|Any CPU
		{58DEBD4F-9401-4AAF-A45F-47E5980F17CC}.Release|Any CPU.ActiveCfg = Release|Any CPU
		{58DEBD4F-9401-4AAF-A45F-47E5980F17CC}.Release|Any CPU.Build.0 = Release|Any CPU
	EndGlobalSection
	GlobalSection(SolutionProperties) = preSolution
		HideSolutionNode = FALSE
	EndGlobalSection
	GlobalSection(ExtensibilityGlobals) = postSolution
		SolutionGuid = {BD7DA397-E6A5-465F-89C1-49365A856179}
	EndGlobalSection
EndGlobal
