
Microsoft Visual Studio Solution File, Format Version 12.00
# Visual Studio 15
VisualStudioVersion = 15.0.28307.421
MinimumVisualStudioVersion = 10.0.40219.1
Project("{FAE04EC0-301F-11D3-BF4B-00C04F79EFBC}") = "Vjezba1Lab5", "Vjezba1Lab5\Vjezba1Lab5.csproj", "{74E9FE6C-44B2-4A83-97ED-376C1955FA5A}"
EndProject
Global
	GlobalSection(SolutionConfigurationPlatforms) = preSolution
		Debug|Any CPU = Debug|Any CPU
		Release|Any CPU = Release|Any CPU
	EndGlobalSection
	GlobalSection(ProjectConfigurationPlatforms) = postSolution
		{74E9FE6C-44B2-4A83-97ED-376C1955FA5A}.Debug|Any CPU.ActiveCfg = Debug|Any CPU
		{74E9FE6C-44B2-4A83-97ED-376C1955FA5A}.Debug|Any CPU.Build.0 = Debug|Any CPU
		{74E9FE6C-44B2-4A83-97ED-376C1955FA5A}.Release|Any CPU.ActiveCfg = Release|Any CPU
		{74E9FE6C-44B2-4A83-97ED-376C1955FA5A}.Release|Any CPU.Build.0 = Release|Any CPU
	EndGlobalSection
	GlobalSection(SolutionProperties) = preSolution
		HideSolutionNode = FALSE
	EndGlobalSection
	GlobalSection(ExtensibilityGlobals) = postSolution
		SolutionGuid = {0A84DC39-97EF-4854-AEC9-24C88BFF6C9D}
	EndGlobalSection
EndGlobal
