
Microsoft Visual Studio Solution File, Format Version 12.00
# Visual Studio 15
VisualStudioVersion = 15.0.28307.421
MinimumVisualStudioVersion = 10.0.40219.1
Project("{FAE04EC0-301F-11D3-BF4B-00C04F79EFBC}") = "Zadatak133", "Zadatak133\Zadatak133.csproj", "{DEE01DF7-E3CC-43A6-BAE3-311271512A0E}"
EndProject
Global
	GlobalSection(SolutionConfigurationPlatforms) = preSolution
		Debug|Any CPU = Debug|Any CPU
		Release|Any CPU = Release|Any CPU
	EndGlobalSection
	GlobalSection(ProjectConfigurationPlatforms) = postSolution
		{DEE01DF7-E3CC-43A6-BAE3-311271512A0E}.Debug|Any CPU.ActiveCfg = Debug|Any CPU
		{DEE01DF7-E3CC-43A6-BAE3-311271512A0E}.Debug|Any CPU.Build.0 = Debug|Any CPU
		{DEE01DF7-E3CC-43A6-BAE3-311271512A0E}.Release|Any CPU.ActiveCfg = Release|Any CPU
		{DEE01DF7-E3CC-43A6-BAE3-311271512A0E}.Release|Any CPU.Build.0 = Release|Any CPU
	EndGlobalSection
	GlobalSection(SolutionProperties) = preSolution
		HideSolutionNode = FALSE
	EndGlobalSection
	GlobalSection(ExtensibilityGlobals) = postSolution
		SolutionGuid = {AA1FA07D-F1E9-4DCF-9939-92E8C054BE1A}
	EndGlobalSection
EndGlobal
