
Microsoft Visual Studio Solution File, Format Version 12.00
# Visual Studio 15
VisualStudioVersion = 15.0.28307.421
MinimumVisualStudioVersion = 10.0.40219.1
Project("{FAE04EC0-301F-11D3-BF4B-00C04F79EFBC}") = "Zadatak125", "Zadatak125\Zadatak125.csproj", "{EAA09B3C-86AD-470A-9C7D-9CAD59903DC2}"
EndProject
Global
	GlobalSection(SolutionConfigurationPlatforms) = preSolution
		Debug|Any CPU = Debug|Any CPU
		Release|Any CPU = Release|Any CPU
	EndGlobalSection
	GlobalSection(ProjectConfigurationPlatforms) = postSolution
		{EAA09B3C-86AD-470A-9C7D-9CAD59903DC2}.Debug|Any CPU.ActiveCfg = Debug|Any CPU
		{EAA09B3C-86AD-470A-9C7D-9CAD59903DC2}.Debug|Any CPU.Build.0 = Debug|Any CPU
		{EAA09B3C-86AD-470A-9C7D-9CAD59903DC2}.Release|Any CPU.ActiveCfg = Release|Any CPU
		{EAA09B3C-86AD-470A-9C7D-9CAD59903DC2}.Release|Any CPU.Build.0 = Release|Any CPU
	EndGlobalSection
	GlobalSection(SolutionProperties) = preSolution
		HideSolutionNode = FALSE
	EndGlobalSection
	GlobalSection(ExtensibilityGlobals) = postSolution
		SolutionGuid = {99E8E347-7E17-4EE3-A508-23E93A690755}
	EndGlobalSection
EndGlobal
