
Microsoft Visual Studio Solution File, Format Version 12.00
# Visual Studio 15
VisualStudioVersion = 15.0.28307.421
MinimumVisualStudioVersion = 10.0.40219.1
Project("{FAE04EC0-301F-11D3-BF4B-00C04F79EFBC}") = "Zadatak117", "Zadatak117\Zadatak117.csproj", "{BEC75FB6-B5A2-4FD4-9E30-BE0A5293C128}"
EndProject
Global
	GlobalSection(SolutionConfigurationPlatforms) = preSolution
		Debug|Any CPU = Debug|Any CPU
		Release|Any CPU = Release|Any CPU
	EndGlobalSection
	GlobalSection(ProjectConfigurationPlatforms) = postSolution
		{BEC75FB6-B5A2-4FD4-9E30-BE0A5293C128}.Debug|Any CPU.ActiveCfg = Debug|Any CPU
		{BEC75FB6-B5A2-4FD4-9E30-BE0A5293C128}.Debug|Any CPU.Build.0 = Debug|Any CPU
		{BEC75FB6-B5A2-4FD4-9E30-BE0A5293C128}.Release|Any CPU.ActiveCfg = Release|Any CPU
		{BEC75FB6-B5A2-4FD4-9E30-BE0A5293C128}.Release|Any CPU.Build.0 = Release|Any CPU
	EndGlobalSection
	GlobalSection(SolutionProperties) = preSolution
		HideSolutionNode = FALSE
	EndGlobalSection
	GlobalSection(ExtensibilityGlobals) = postSolution
		SolutionGuid = {4F55294A-6FC7-4E91-908F-4A5B7647DCE8}
	EndGlobalSection
EndGlobal
