
Microsoft Visual Studio Solution File, Format Version 12.00
# Visual Studio 15
VisualStudioVersion = 15.0.28307.421
MinimumVisualStudioVersion = 10.0.40219.1
Project("{FAE04EC0-301F-11D3-BF4B-00C04F79EFBC}") = "Zadatak137", "Zadatak137\Zadatak137.csproj", "{9ADC0B45-F944-4F4E-9C62-D09696D8D104}"
EndProject
Global
	GlobalSection(SolutionConfigurationPlatforms) = preSolution
		Debug|Any CPU = Debug|Any CPU
		Release|Any CPU = Release|Any CPU
	EndGlobalSection
	GlobalSection(ProjectConfigurationPlatforms) = postSolution
		{9ADC0B45-F944-4F4E-9C62-D09696D8D104}.Debug|Any CPU.ActiveCfg = Debug|Any CPU
		{9ADC0B45-F944-4F4E-9C62-D09696D8D104}.Debug|Any CPU.Build.0 = Debug|Any CPU
		{9ADC0B45-F944-4F4E-9C62-D09696D8D104}.Release|Any CPU.ActiveCfg = Release|Any CPU
		{9ADC0B45-F944-4F4E-9C62-D09696D8D104}.Release|Any CPU.Build.0 = Release|Any CPU
	EndGlobalSection
	GlobalSection(SolutionProperties) = preSolution
		HideSolutionNode = FALSE
	EndGlobalSection
	GlobalSection(ExtensibilityGlobals) = postSolution
		SolutionGuid = {84AA8F69-1345-443D-BD9E-2BFD212D89FC}
	EndGlobalSection
EndGlobal
